// !$*UTF8*$!
{
	archiveVersion = 1;
	classes = {
	};
	objectVersion = 50;
	objects = {

/* Begin PBXBuildFile section */
		C229D3712205378900984090 /* SubSymbolTable.cpp in Sources */ = {isa = PBXBuildFile; fileRef = C229D36F2205378900984090 /* SubSymbolTable.cpp */; };
		C229D3742205397C00984090 /* readSymbols.cpp in Sources */ = {isa = PBXBuildFile; fileRef = C229D3722205397C00984090 /* readSymbols.cpp */; };
		C229D378220554B900984090 /* HashTheSymbol.cpp in Sources */ = {isa = PBXBuildFile; fileRef = C229D376220554B900984090 /* HashTheSymbol.cpp */; };
		C229D37B22055D7900984090 /* SymbolTbOperator.cpp in Sources */ = {isa = PBXBuildFile; fileRef = C229D37922055D7900984090 /* SymbolTbOperator.cpp */; };
		C28C8CB42202BB9B00C9E34B /* main.cpp in Sources */ = {isa = PBXBuildFile; fileRef = C28C8CB32202BB9B00C9E34B /* main.cpp */; };
		C28C8CBF2202C38700C9E34B /* symbolTable.cpp in Sources */ = {isa = PBXBuildFile; fileRef = C28C8CBD2202C38700C9E34B /* symbolTable.cpp */; };
/* End PBXBuildFile section */

/* Begin PBXCopyFilesBuildPhase section */
		C28C8CAE2202BB9B00C9E34B /* CopyFiles */ = {
			isa = PBXCopyFilesBuildPhase;
			buildActionMask = 2147483647;
			dstPath = /usr/share/man/man1/;
			dstSubfolderSpec = 0;
			files = (
			);
			runOnlyForDeploymentPostprocessing = 1;
		};
/* End PBXCopyFilesBuildPhase section */

/* Begin PBXFileReference section */
		C229D36F2205378900984090 /* SubSymbolTable.cpp */ = {isa = PBXFileReference; lastKnownFileType = sourcecode.cpp.cpp; path = SubSymbolTable.cpp; sourceTree = "<group>"; };
		C229D3702205378900984090 /* SubSymbolTable.hpp */ = {isa = PBXFileReference; lastKnownFileType = sourcecode.cpp.h; path = SubSymbolTable.hpp; sourceTree = "<group>"; };
		C229D3722205397C00984090 /* readSymbols.cpp */ = {isa = PBXFileReference; lastKnownFileType = sourcecode.cpp.cpp; path = readSymbols.cpp; sourceTree = "<group>"; };
		C229D3732205397C00984090 /* readSymbols.hpp */ = {isa = PBXFileReference; lastKnownFileType = sourcecode.cpp.h; path = readSymbols.hpp; sourceTree = "<group>"; };
		C229D3752205474600984090 /* symbols.txt */ = {isa = PBXFileReference; lastKnownFileType = text; path = symbols.txt; sourceTree = "<group>"; };
		C229D376220554B900984090 /* HashTheSymbol.cpp */ = {isa = PBXFileReference; lastKnownFileType = sourcecode.cpp.cpp; path = HashTheSymbol.cpp; sourceTree = "<group>"; };
		C229D377220554B900984090 /* HashTheSymbol.hpp */ = {isa = PBXFileReference; lastKnownFileType = sourcecode.cpp.h; path = HashTheSymbol.hpp; sourceTree = "<group>"; };
		C229D37922055D7900984090 /* SymbolTbOperator.cpp */ = {isa = PBXFileReference; lastKnownFileType = sourcecode.cpp.cpp; path = SymbolTbOperator.cpp; sourceTree = "<group>"; };
		C229D37A22055D7900984090 /* SymbolTbOperator.hpp */ = {isa = PBXFileReference; lastKnownFileType = sourcecode.cpp.h; path = SymbolTbOperator.hpp; sourceTree = "<group>"; };
		C28C8CB02202BB9B00C9E34B /* Compiler */ = {isa = PBXFileReference; explicitFileType = "compiled.mach-o.executable"; includeInIndex = 0; path = Compiler; sourceTree = BUILT_PRODUCTS_DIR; };
		C28C8CB32202BB9B00C9E34B /* main.cpp */ = {isa = PBXFileReference; lastKnownFileType = sourcecode.cpp.cpp; path = main.cpp; sourceTree = "<group>"; };
		C28C8CBD2202C38700C9E34B /* symbolTable.cpp */ = {isa = PBXFileReference; lastKnownFileType = sourcecode.cpp.cpp; path = symbolTable.cpp; sourceTree = "<group>"; };
		C28C8CBE2202C38700C9E34B /* symbolTable.hpp */ = {isa = PBXFileReference; lastKnownFileType = sourcecode.cpp.h; path = symbolTable.hpp; sourceTree = "<group>"; };
/* End PBXFileReference section */

/* Begin PBXFrameworksBuildPhase section */
		C28C8CAD2202BB9B00C9E34B /* Frameworks */ = {
			isa = PBXFrameworksBuildPhase;
			buildActionMask = 2147483647;
			files = (
			);
			runOnlyForDeploymentPostprocessing = 0;
		};
/* End PBXFrameworksBuildPhase section */

/* Begin PBXGroup section */
		C28C8CA72202BB9B00C9E34B = {
			isa = PBXGroup;
			children = (
				C28C8CB22202BB9B00C9E34B /* Compiler */,
				C28C8CB12202BB9B00C9E34B /* Products */,
			);
			sourceTree = "<group>";
		};
		C28C8CB12202BB9B00C9E34B /* Products */ = {
			isa = PBXGroup;
			children = (
				C28C8CB02202BB9B00C9E34B /* Compiler */,
			);
			name = Products;
			sourceTree = "<group>";
		};
		C28C8CB22202BB9B00C9E34B /* Compiler */ = {
			isa = PBXGroup;
			children = (
				C229D3752205474600984090 /* symbols.txt */,
				C28C8CB32202BB9B00C9E34B /* main.cpp */,
				C28C8CBD2202C38700C9E34B /* symbolTable.cpp */,
				C28C8CBE2202C38700C9E34B /* symbolTable.hpp */,
				C229D36F2205378900984090 /* SubSymbolTable.cpp */,
				C229D3702205378900984090 /* SubSymbolTable.hpp */,
				C229D3722205397C00984090 /* readSymbols.cpp */,
				C229D3732205397C00984090 /* readSymbols.hpp */,
				C229D376220554B900984090 /* HashTheSymbol.cpp */,
				C229D377220554B900984090 /* HashTheSymbol.hpp */,
				C229D37922055D7900984090 /* SymbolTbOperator.cpp */,
				C229D37A22055D7900984090 /* SymbolTbOperator.hpp */,
			);
			path = Compiler;
			sourceTree = "<group>";
		};
/* End PBXGroup section */

/* Begin PBXNativeTarget section */
		C28C8CAF2202BB9B00C9E34B /* Compiler */ = {
			isa = PBXNativeTarget;
			buildConfigurationList = C28C8CB72202BB9B00C9E34B /* Build configuration list for PBXNativeTarget "Compiler" */;
			buildPhases = (
				C28C8CAC2202BB9B00C9E34B /* Sources */,
				C28C8CAD2202BB9B00C9E34B /* Frameworks */,
				C28C8CAE2202BB9B00C9E34B /* CopyFiles */,
			);
			buildRules = (
			);
			dependencies = (
			);
			name = Compiler;
			productName = Compiler;
			productReference = C28C8CB02202BB9B00C9E34B /* Compiler */;
			productType = "com.apple.product-type.tool";
		};
/* End PBXNativeTarget section */

/* Begin PBXProject section */
		C28C8CA82202BB9B00C9E34B /* Project object */ = {
			isa = PBXProject;
			attributes = {
				LastUpgradeCheck = 1010;
				ORGANIZATIONNAME = "Nic Pu";
				TargetAttributes = {
					C28C8CAF2202BB9B00C9E34B = {
						CreatedOnToolsVersion = 10.1;
					};
				};
			};
			buildConfigurationList = C28C8CAB2202BB9B00C9E34B /* Build configuration list for PBXProject "Compiler" */;
			compatibilityVersion = "Xcode 9.3";
			developmentRegion = en;
			hasScannedForEncodings = 0;
			knownRegions = (
				en,
			);
			mainGroup = C28C8CA72202BB9B00C9E34B;
			productRefGroup = C28C8CB12202BB9B00C9E34B /* Products */;
			projectDirPath = "";
			projectRoot = "";
			targets = (
				C28C8CAF2202BB9B00C9E34B /* Compiler */,
			);
		};
/* End PBXProject section */

/* Begin PBXSourcesBuildPhase section */
		C28C8CAC2202BB9B00C9E34B /* Sources */ = {
			isa = PBXSourcesBuildPhase;
			buildActionMask = 2147483647;
			files = (
				C229D378220554B900984090 /* HashTheSymbol.cpp in Sources */,
				C28C8CB42202BB9B00C9E34B /* main.cpp in Sources */,
				C229D3742205397C00984090 /* readSymbols.cpp in Sources */,
				C28C8CBF2202C38700C9E34B /* symbolTable.cpp in Sources */,
				C229D3712205378900984090 /* SubSymbolTable.cpp in Sources */,
				C229D37B22055D7900984090 /* SymbolTbOperator.cpp in Sources */,
			);
			runOnlyForDeploymentPostprocessing = 0;
		};
/* End PBXSourcesBuildPhase section */

/* Begin XCBuildConfiguration section */
		C28C8CB52202BB9B00C9E34B /* Debug */ = {
			isa = XCBuildConfiguration;
			buildSettings = {
				ALWAYS_SEARCH_USER_PATHS = NO;
				CLANG_ANALYZER_NONNULL = YES;
				CLANG_ANALYZER_NUMBER_OBJECT_CONVERSION = YES_AGGRESSIVE;
				CLANG_CXX_LANGUAGE_STANDARD = "gnu++14";
				CLANG_CXX_LIBRARY = "libc++";
				CLANG_ENABLE_MODULES = YES;
				CLANG_ENABLE_OBJC_ARC = YES;
				CLANG_ENABLE_OBJC_WEAK = YES;
				CLANG_WARN_BLOCK_CAPTURE_AUTORELEASING = YES;
				CLANG_WARN_BOOL_CONVERSION = YES;
				CLANG_WARN_COMMA = YES;
				CLANG_WARN_CONSTANT_CONVERSION = YES;
				CLANG_WARN_DEPRECATED_OBJC_IMPLEMENTATIONS = YES;
				CLANG_WARN_DIRECT_OBJC_ISA_USAGE = YES_ERROR;
				CLANG_WARN_DOCUMENTATION_COMMENTS = YES;
				CLANG_WARN_EMPTY_BODY = YES;
				CLANG_WARN_ENUM_CONVERSION = YES;
				CLANG_WARN_INFINITE_RECURSION = YES;
				CLANG_WARN_INT_CONVERSION = YES;
				CLANG_WARN_NON_LITERAL_NULL_CONVERSION = YES;
				CLANG_WARN_OBJC_IMPLICIT_RETAIN_SELF = YES;
				CLANG_WARN_OBJC_LITERAL_CONVERSION = YES;
				CLANG_WARN_OBJC_ROOT_CLASS = YES_ERROR;
				CLANG_WARN_RANGE_LOOP_ANALYSIS = YES;
				CLANG_WARN_STRICT_PROTOTYPES = YES;
				CLANG_WARN_SUSPICIOUS_MOVE = YES;
				CLANG_WARN_UNGUARDED_AVAILABILITY = YES_AGGRESSIVE;
				CLANG_WARN_UNREACHABLE_CODE = YES;
				CLANG_WARN__DUPLICATE_METHOD_MATCH = YES;
				CODE_SIGN_IDENTITY = "-";
				COPY_PHASE_STRIP = NO;
				DEBUG_INFORMATION_FORMAT = dwarf;
				ENABLE_STRICT_OBJC_MSGSEND = YES;
				ENABLE_TESTABILITY = YES;
				GCC_C_LANGUAGE_STANDARD = gnu11;
				GCC_DYNAMIC_NO_PIC = NO;
				GCC_NO_COMMON_BLOCKS = YES;
				GCC_OPTIMIZATION_LEVEL = 0;
				GCC_PREPROCESSOR_DEFINITIONS = (
					"DEBUG=1",
					"$(inherited)",
				);
				GCC_WARN_64_TO_32_BIT_CONVERSION = YES;
				GCC_WARN_ABOUT_RETURN_TYPE = YES_ERROR;
				GCC_WARN_UNDECLARED_SELECTOR = YES;
				GCC_WARN_UNINITIALIZED_AUTOS = YES_AGGRESSIVE;
				GCC_WARN_UNUSED_FUNCTION = YES;
				GCC_WARN_UNUSED_VARIABLE = YES;
				MACOSX_DEPLOYMENT_TARGET = 10.14;
				MTL_ENABLE_DEBUG_INFO = INCLUDE_SOURCE;
				MTL_FAST_MATH = YES;
				ONLY_ACTIVE_ARCH = YES;
				SDKROOT = macosx;
			};
			name = Debug;
		};
		C28C8CB62202BB9B00C9E34B /* Release */ = {
			isa = XCBuildConfiguration;
			buildSettings = {
				ALWAYS_SEARCH_USER_PATHS = NO;
				CLANG_ANALYZER_NONNULL = YES;
				CLANG_ANALYZER_NUMBER_OBJECT_CONVERSION = YES_AGGRESSIVE;
				CLANG_CXX_LANGUAGE_STANDARD = "gnu++14";
				CLANG_CXX_LIBRARY = "libc++";
				CLANG_ENABLE_MODULES = YES;
				CLANG_ENABLE_OBJC_ARC = YES;
				CLANG_ENABLE_OBJC_WEAK = YES;
				CLANG_WARN_BLOCK_CAPTURE_AUTORELEASING = YES;
				CLANG_WARN_BOOL_CONVERSION = YES;
				CLANG_WARN_COMMA = YES;
				CLANG_WARN_CONSTANT_CONVERSION = YES;
				CLANG_WARN_DEPRECATED_OBJC_IMPLEMENTATIONS = YES;
				CLANG_WARN_DIRECT_OBJC_ISA_USAGE = YES_ERROR;
				CLANG_WARN_DOCUMENTATION_COMMENTS = YES;
				CLANG_WARN_EMPTY_BODY = YES;
				CLANG_WARN_ENUM_CONVERSION = YES;
				CLANG_WARN_INFINITE_RECURSION = YES;
				CLANG_WARN_INT_CONVERSION = YES;
				CLANG_WARN_NON_LITERAL_NULL_CONVERSION = YES;
				CLANG_WARN_OBJC_IMPLICIT_RETAIN_SELF = YES;
				CLANG_WARN_OBJC_LITERAL_CONVERSION = YES;
				CLANG_WARN_OBJC_ROOT_CLASS = YES_ERROR;
				CLANG_WARN_RANGE_LOOP_ANALYSIS = YES;
				CLANG_WARN_STRICT_PROTOTYPES = YES;
				CLANG_WARN_SUSPICIOUS_MOVE = YES;
				CLANG_WARN_UNGUARDED_AVAILABILITY = YES_AGGRESSIVE;
				CLANG_WARN_UNREACHABLE_CODE = YES;
				CLANG_WARN__DUPLICATE_METHOD_MATCH = YES;
				CODE_SIGN_IDENTITY = "-";
				COPY_PHASE_STRIP = NO;
				DEBUG_INFORMATION_FORMAT = "dwarf-with-dsym";
				ENABLE_NS_ASSERTIONS = NO;
				ENABLE_STRICT_OBJC_MSGSEND = YES;
				GCC_C_LANGUAGE_STANDARD = gnu11;
				GCC_NO_COMMON_BLOCKS = YES;
				GCC_WARN_64_TO_32_BIT_CONVERSION = YES;
				GCC_WARN_ABOUT_RETURN_TYPE = YES_ERROR;
				GCC_WARN_UNDECLARED_SELECTOR = YES;
				GCC_WARN_UNINITIALIZED_AUTOS = YES_AGGRESSIVE;
				GCC_WARN_UNUSED_FUNCTION = YES;
				GCC_WARN_UNUSED_VARIABLE = YES;
				MACOSX_DEPLOYMENT_TARGET = 10.14;
				MTL_ENABLE_DEBUG_INFO = NO;
				MTL_FAST_MATH = YES;
				SDKROOT = macosx;
			};
			name = Release;
		};
		C28C8CB82202BB9B00C9E34B /* Debug */ = {
			isa = XCBuildConfiguration;
			buildSettings = {
				CODE_SIGN_STYLE = Automatic;
				PRODUCT_NAME = "$(TARGET_NAME)";
			};
			name = Debug;
		};
		C28C8CB92202BB9B00C9E34B /* Release */ = {
			isa = XCBuildConfiguration;
			buildSettings = {
				CODE_SIGN_STYLE = Automatic;
				PRODUCT_NAME = "$(TARGET_NAME)";
			};
			name = Release;
		};
/* End XCBuildConfiguration section */

/* Begin XCConfigurationList section */
		C28C8CAB2202BB9B00C9E34B /* Build configuration list for PBXProject "Compiler" */ = {
			isa = XCConfigurationList;
			buildConfigurations = (
				C28C8CB52202BB9B00C9E34B /* Debug */,
				C28C8CB62202BB9B00C9E34B /* Release */,
			);
			defaultConfigurationIsVisible = 0;
			defaultConfigurationName = Release;
		};
		C28C8CB72202BB9B00C9E34B /* Build configuration list for PBXNativeTarget "Compiler" */ = {
			isa = XCConfigurationList;
			buildConfigurations = (
				C28C8CB82202BB9B00C9E34B /* Debug */,
				C28C8CB92202BB9B00C9E34B /* Release */,
			);
			defaultConfigurationIsVisible = 0;
			defaultConfigurationName = Release;
		};
/* End XCConfigurationList section */
	};
	rootObject = C28C8CA82202BB9B00C9E34B /* Project object */;
}
